
Microsoft Visual Studio Solution File, Format Version 12.00
# Visual Studio Version 17
VisualStudioVersion = 17.14.36414.22 d17.14
MinimumVisualStudioVersion = 10.0.40219.1
Project("{FAE04EC0-301F-11D3-BF4B-00C04F79EFBC}") = "ProductManagementDemo", "ProductManagementDemo\ProductManagementDemo.csproj", "{51EA81EC-7FDB-425D-872B-887172236292}"
EndProject
Project("{FAE04EC0-301F-11D3-BF4B-00C04F79EFBC}") = "BusinessObjects", "BusinessObjects\BusinessObjects.csproj", "{07A46A63-4F11-4844-8C0A-63555D7153E5}"
EndProject
Project("{FAE04EC0-301F-11D3-BF4B-00C04F79EFBC}") = "DataAccessObjects", "DataAccessObjects\DataAccessObjects.csproj", "{D639D18D-5AB5-4D7F-A1B8-DE5D86FA64DD}"
EndProject
Project("{FAE04EC0-301F-11D3-BF4B-00C04F79EFBC}") = "Repositories", "Repositories\Repositories.csproj", "{A8B512DA-226C-460B-8844-54A218FFD739}"
EndProject
Project("{FAE04EC0-301F-11D3-BF4B-00C04F79EFBC}") = "Services", "Services\Services.csproj", "{8E459B52-3008-434F-A104-9CD2F4FA12F4}"
EndProject
Global
	GlobalSection(SolutionConfigurationPlatforms) = preSolution
		Debug|Any CPU = Debug|Any CPU
		Release|Any CPU = Release|Any CPU
	EndGlobalSection
	GlobalSection(ProjectConfigurationPlatforms) = postSolution
		{51EA81EC-7FDB-425D-872B-887172236292}.Debug|Any CPU.ActiveCfg = Debug|Any CPU
		{51EA81EC-7FDB-425D-872B-887172236292}.Debug|Any CPU.Build.0 = Debug|Any CPU
		{51EA81EC-7FDB-425D-872B-887172236292}.Release|Any CPU.ActiveCfg = Release|Any CPU
		{51EA81EC-7FDB-425D-872B-887172236292}.Release|Any CPU.Build.0 = Release|Any CPU
		{07A46A63-4F11-4844-8C0A-63555D7153E5}.Debug|Any CPU.ActiveCfg = Debug|Any CPU
		{07A46A63-4F11-4844-8C0A-63555D7153E5}.Debug|Any CPU.Build.0 = Debug|Any CPU
		{07A46A63-4F11-4844-8C0A-63555D7153E5}.Release|Any CPU.ActiveCfg = Release|Any CPU
		{07A46A63-4F11-4844-8C0A-63555D7153E5}.Release|Any CPU.Build.0 = Release|Any CPU
		{D639D18D-5AB5-4D7F-A1B8-DE5D86FA64DD}.Debug|Any CPU.ActiveCfg = Debug|Any CPU
		{D639D18D-5AB5-4D7F-A1B8-DE5D86FA64DD}.Debug|Any CPU.Build.0 = Debug|Any CPU
		{D639D18D-5AB5-4D7F-A1B8-DE5D86FA64DD}.Release|Any CPU.ActiveCfg = Release|Any CPU
		{D639D18D-5AB5-4D7F-A1B8-DE5D86FA64DD}.Release|Any CPU.Build.0 = Release|Any CPU
		{A8B512DA-226C-460B-8844-54A218FFD739}.Debug|Any CPU.ActiveCfg = Debug|Any CPU
		{A8B512DA-226C-460B-8844-54A218FFD739}.Debug|Any CPU.Build.0 = Debug|Any CPU
		{A8B512DA-226C-460B-8844-54A218FFD739}.Release|Any CPU.ActiveCfg = Release|Any CPU
		{A8B512DA-226C-460B-8844-54A218FFD739}.Release|Any CPU.Build.0 = Release|Any CPU
		{8E459B52-3008-434F-A104-9CD2F4FA12F4}.Debug|Any CPU.ActiveCfg = Debug|Any CPU
		{8E459B52-3008-434F-A104-9CD2F4FA12F4}.Debug|Any CPU.Build.0 = Debug|Any CPU
		{8E459B52-3008-434F-A104-9CD2F4FA12F4}.Release|Any CPU.ActiveCfg = Release|Any CPU
		{8E459B52-3008-434F-A104-9CD2F4FA12F4}.Release|Any CPU.Build.0 = Release|Any CPU
	EndGlobalSection
	GlobalSection(SolutionProperties) = preSolution
		HideSolutionNode = FALSE
	EndGlobalSection
	GlobalSection(ExtensibilityGlobals) = postSolution
		SolutionGuid = {E18E1101-BF62-4448-9C6E-0AFF6014F955}
	EndGlobalSection
EndGlobal
